
Microsoft Visual Studio Solution File, Format Version 12.00
# Visual Studio Version 17
VisualStudioVersion = 17.4.33110.190
MinimumVisualStudioVersion = 10.0.40219.1
Project("{FAE04EC0-301F-11D3-BF4B-00C04F79EFBC}") = "BootcampExample", "BootcampExample\BootcampExample.csproj", "{9838FFB7-397D-407D-B949-6E026681DAFD}"
EndProject
Global
	GlobalSection(SolutionConfigurationPlatforms) = preSolution
		Debug|Any CPU = Debug|Any CPU
		Release|Any CPU = Release|Any CPU
	EndGlobalSection
	GlobalSection(ProjectConfigurationPlatforms) = postSolution
		{9838FFB7-397D-407D-B949-6E026681DAFD}.Debug|Any CPU.ActiveCfg = Debug|Any CPU
		{9838FFB7-397D-407D-B949-6E026681DAFD}.Debug|Any CPU.Build.0 = Debug|Any CPU
		{9838FFB7-397D-407D-B949-6E026681DAFD}.Release|Any CPU.ActiveCfg = Release|Any CPU
		{9838FFB7-397D-407D-B949-6E026681DAFD}.Release|Any CPU.Build.0 = Release|Any CPU
	EndGlobalSection
	GlobalSection(SolutionProperties) = preSolution
		HideSolutionNode = FALSE
	EndGlobalSection
	GlobalSection(ExtensibilityGlobals) = postSolution
		SolutionGuid = {854DDE69-D195-41D7-9500-21CAD79E0161}
	EndGlobalSection
EndGlobal
